
Microsoft Visual Studio Solution File, Format Version 12.00
Project("{FAE04EC0-301F-11D3-BF4B-00C04F79EFBC}") = "src", "src\src.csproj", "{74CDE865-95C7-44E7-AF69-B70C79E9027D}"
EndProject
Global
	GlobalSection(SolutionConfigurationPlatforms) = preSolution
		Debug|Any CPU = Debug|Any CPU
		Release|Any CPU = Release|Any CPU
	EndGlobalSection
	GlobalSection(ProjectConfigurationPlatforms) = postSolution
		{74CDE865-95C7-44E7-AF69-B70C79E9027D}.Debug|Any CPU.ActiveCfg = Debug|Any CPU
		{74CDE865-95C7-44E7-AF69-B70C79E9027D}.Debug|Any CPU.Build.0 = Debug|Any CPU
		{74CDE865-95C7-44E7-AF69-B70C79E9027D}.Release|Any CPU.ActiveCfg = Release|Any CPU
		{74CDE865-95C7-44E7-AF69-B70C79E9027D}.Release|Any CPU.Build.0 = Release|Any CPU
	EndGlobalSection
EndGlobal
